
Microsoft Visual Studio Solution File, Format Version 12.00
# Visual Studio Version 17
VisualStudioVersion = 17.0.31912.275
MinimumVisualStudioVersion = 10.0.40219.1
Project("{FAE04EC0-301F-11D3-BF4B-00C04F79EFBC}") = "LTTW_DoAnCuoiKi_Windowsprogamming", "LTTW_DoAnCuoiKi_Windowsprogamming\LTTW_DoAnCuoiKi_Windowsprogamming.csproj", "{7291BE42-5855-41B9-9FE3-6C29FA1B0E50}"
EndProject
Global
	GlobalSection(SolutionConfigurationPlatforms) = preSolution
		Debug|Any CPU = Debug|Any CPU
		Release|Any CPU = Release|Any CPU
	EndGlobalSection
	GlobalSection(ProjectConfigurationPlatforms) = postSolution
		{7291BE42-5855-41B9-9FE3-6C29FA1B0E50}.Debug|Any CPU.ActiveCfg = Debug|Any CPU
		{7291BE42-5855-41B9-9FE3-6C29FA1B0E50}.Debug|Any CPU.Build.0 = Debug|Any CPU
		{7291BE42-5855-41B9-9FE3-6C29FA1B0E50}.Release|Any CPU.ActiveCfg = Release|Any CPU
		{7291BE42-5855-41B9-9FE3-6C29FA1B0E50}.Release|Any CPU.Build.0 = Release|Any CPU
	EndGlobalSection
	GlobalSection(SolutionProperties) = preSolution
		HideSolutionNode = FALSE
	EndGlobalSection
	GlobalSection(ExtensibilityGlobals) = postSolution
		SolutionGuid = {936D9C53-D664-49BA-956B-C24D5FD8D497}
	EndGlobalSection
EndGlobal
